{
  "name": "demo-clojurescript",
  "version": "1.0.0",
  "lockfileVersion": 2,
  "requires": true,
  "packages": {
    "": {
      "name": "demo-clojurescript",
      "version": "1.0.0",
      "license": "ISC",
      "dependencies": {
        "nbb": "^1.2.173"
      }
    },
    "node_modules/import-meta-resolve": {
      "version": "2.2.2",
      "resolved": "https://registry.npmjs.org/import-meta-resolve/-/import-meta-resolve-2.2.2.tgz",
      "integrity": "sha512-f8KcQ1D80V7RnqVm+/lirO9zkOxjGxhaTC1IPrBGd3MEfNgmNG67tSUO9gTi2F3Blr2Az6g1vocaxzkVnWl9MA==",
      "funding": {
        "type": "github",
        "url": "https://github.com/sponsors/wooorm"
      }
    },
    "node_modules/nbb": {
      "version": "1.2.173",
      "resolved": "https://registry.npmjs.org/nbb/-/nbb-1.2.173.tgz",
      "integrity": "sha512-Dnl3N0IpEnHoz+gd1L1gmG9n60SdTdZJ4ViFuB2ik/EYDpCf/2Fe39BXfmsy8xLr6A+2Py+/Sv/2Q3r4jPEokw==",
      "dependencies": {
        "import-meta-resolve": "^2.1.0"
      },
      "bin": {
        "nbb": "cli.js",
        "nbbun": "nbbun.js"
      }
    }
  },
  "dependencies": {
    "import-meta-resolve": {
      "version": "2.2.2",
      "resolved": "https://registry.npmjs.org/import-meta-resolve/-/import-meta-resolve-2.2.2.tgz",
      "integrity": "sha512-f8KcQ1D80V7RnqVm+/lirO9zkOxjGxhaTC1IPrBGd3MEfNgmNG67tSUO9gTi2F3Blr2Az6g1vocaxzkVnWl9MA=="
    },
    "nbb": {
      "version": "1.2.173",
      "resolved": "https://registry.npmjs.org/nbb/-/nbb-1.2.173.tgz",
      "integrity": "sha512-Dnl3N0IpEnHoz+gd1L1gmG9n60SdTdZJ4ViFuB2ik/EYDpCf/2Fe39BXfmsy8xLr6A+2Py+/Sv/2Q3r4jPEokw==",
      "requires": {
        "import-meta-resolve": "^2.1.0"
      }
    }
  }
}
